{
  "name": "maint-cw-logs",
  "version": "0.1.0",
  "lockfileVersion": 1,
  "requires": true,
  "dependencies": {
    "bluebird": {
      "version": "3.5.5",
      "resolved": "https://registry.npmjs.org/bluebird/-/bluebird-3.5.5.tgz",
      "integrity": "sha512-5am6HnnfN+urzt4yfg7IgTbotDjIT/u8AJpEt0sIU9FtXfVeezXAPKswrG+xKUCOYAINpSdgZVDU6QFh+cuH3w==",
      "dev": true
    },
    "serverless-prune-plugin": {
      "version": "1.4.1",
      "resolved": "https://registry.npmjs.org/serverless-prune-plugin/-/serverless-prune-plugin-1.4.1.tgz",
      "integrity": "sha512-4kXCqdLoAlsQXZPWM2pzZiO0jAqpFQMIoCTkAK4P6JdrMgg8714yAYTzoRD/IZ4f6eS3GLjMoFOCxlrNA9LbKQ==",
      "dev": true,
      "requires": {
        "bluebird": "^3.4.7"
      }
    }
  }
}
